
Microsoft Visual Studio Solution File, Format Version 12.00
# Visual Studio 15
VisualStudioVersion = 15.0.26430.15
MinimumVisualStudioVersion = 10.0.40219.1
Project("{FAE04EC0-301F-11D3-BF4B-00C04F79EFBC}") = "DZT_Manager", "DZT_Manager\DZT_Manager.csproj", "{753104E0-254A-4245-84E5-75E6488A1061}"
EndProject
Project("{FAE04EC0-301F-11D3-BF4B-00C04F79EFBC}") = "BLL", "BLL\BLL.csproj", "{993EBCA8-CA7B-42FB-A8E3-2F2BBCA70C8E}"
EndProject
Global
	GlobalSection(SolutionConfigurationPlatforms) = preSolution
		Debug|Any CPU = Debug|Any CPU
		Release|Any CPU = Release|Any CPU
	EndGlobalSection
	GlobalSection(ProjectConfigurationPlatforms) = postSolution
		{753104E0-254A-4245-84E5-75E6488A1061}.Debug|Any CPU.ActiveCfg = Debug|Any CPU
		{753104E0-254A-4245-84E5-75E6488A1061}.Debug|Any CPU.Build.0 = Debug|Any CPU
		{753104E0-254A-4245-84E5-75E6488A1061}.Release|Any CPU.ActiveCfg = Release|Any CPU
		{753104E0-254A-4245-84E5-75E6488A1061}.Release|Any CPU.Build.0 = Release|Any CPU
		{993EBCA8-CA7B-42FB-A8E3-2F2BBCA70C8E}.Debug|Any CPU.ActiveCfg = Debug|Any CPU
		{993EBCA8-CA7B-42FB-A8E3-2F2BBCA70C8E}.Debug|Any CPU.Build.0 = Debug|Any CPU
		{993EBCA8-CA7B-42FB-A8E3-2F2BBCA70C8E}.Release|Any CPU.ActiveCfg = Release|Any CPU
		{993EBCA8-CA7B-42FB-A8E3-2F2BBCA70C8E}.Release|Any CPU.Build.0 = Release|Any CPU
	EndGlobalSection
	GlobalSection(SolutionProperties) = preSolution
		HideSolutionNode = FALSE
	EndGlobalSection
EndGlobal
